
Microsoft Visual Studio Solution File, Format Version 12.00
# Visual Studio Version 17
VisualStudioVersion = 17.13.35818.85 d17.13
MinimumVisualStudioVersion = 10.0.40219.1
Project("{FAE04EC0-301F-11D3-BF4B-00C04F79EFBC}") = "tpmodul7_kelompok_7", "tpmodul7_kelompok_7\tpmodul7_kelompok_7.csproj", "{EECE5694-94AD-405D-A4AB-DB4FDD1C4B69}"
EndProject
Global
	GlobalSection(SolutionConfigurationPlatforms) = preSolution
		Debug|Any CPU = Debug|Any CPU
		Release|Any CPU = Release|Any CPU
	EndGlobalSection
	GlobalSection(ProjectConfigurationPlatforms) = postSolution
		{EECE5694-94AD-405D-A4AB-DB4FDD1C4B69}.Debug|Any CPU.ActiveCfg = Debug|Any CPU
		{EECE5694-94AD-405D-A4AB-DB4FDD1C4B69}.Debug|Any CPU.Build.0 = Debug|Any CPU
		{EECE5694-94AD-405D-A4AB-DB4FDD1C4B69}.Release|Any CPU.ActiveCfg = Release|Any CPU
		{EECE5694-94AD-405D-A4AB-DB4FDD1C4B69}.Release|Any CPU.Build.0 = Release|Any CPU
	EndGlobalSection
	GlobalSection(SolutionProperties) = preSolution
		HideSolutionNode = FALSE
	EndGlobalSection
	GlobalSection(ExtensibilityGlobals) = postSolution
		SolutionGuid = {E1C22202-7116-4E86-AB91-BEC43F3C8517}
	EndGlobalSection
EndGlobal
